{
  "requires": true,
  "lockfileVersion": 1,
  "dependencies": {
    "@loomhq/loom-embed": {
      "version": "1.2.8",
      "resolved": "https://registry.npmjs.org/@loomhq/loom-embed/-/loom-embed-1.2.8.tgz",
      "integrity": "sha512-MEneUfIjOGivoGJdzMUotcvAXnESw6D7S/ie9nS7+Ua+Rx3+NiAbGELfW8U12OD5rSkNZW6ksZ9KLHxDvHZZUw=="
    },
    "@loomhq/loom-sdk": {
      "version": "2.21.2",
      "resolved": "https://registry.npmjs.org/@loomhq/loom-sdk/-/loom-sdk-2.21.2.tgz",
      "integrity": "sha512-R25fmvAXTPVyIcStpoFsKmCbCghQThmotUx2q41wsg8412LfBFasUFH3yji7YKHxS6/sbtTXpI+Sf3XillxfKQ=="
    }
  }
}
